
Microsoft Visual Studio Solution File, Format Version 12.00
# Visual Studio 2013
VisualStudioVersion = 12.0.31101.0
MinimumVisualStudioVersion = 10.0.40219.1
Project("{FAE04EC0-301F-11D3-BF4B-00C04F79EFBC}") = "Hornbill.Common", "Hornbill.Common\Hornbill.Common.csproj", "{FDEB5B92-B21F-4614-8F2F-8D4DA4F1DDCB}"
EndProject
Global
	GlobalSection(SolutionConfigurationPlatforms) = preSolution
		Debug|Any CPU = Debug|Any CPU
		Release|Any CPU = Release|Any CPU
	EndGlobalSection
	GlobalSection(ProjectConfigurationPlatforms) = postSolution
		{FDEB5B92-B21F-4614-8F2F-8D4DA4F1DDCB}.Debug|Any CPU.ActiveCfg = Debug|Any CPU
		{FDEB5B92-B21F-4614-8F2F-8D4DA4F1DDCB}.Debug|Any CPU.Build.0 = Debug|Any CPU
		{FDEB5B92-B21F-4614-8F2F-8D4DA4F1DDCB}.Release|Any CPU.ActiveCfg = Release|Any CPU
		{FDEB5B92-B21F-4614-8F2F-8D4DA4F1DDCB}.Release|Any CPU.Build.0 = Release|Any CPU
	EndGlobalSection
	GlobalSection(SolutionProperties) = preSolution
		HideSolutionNode = FALSE
	EndGlobalSection
EndGlobal
